// !$*UTF8*$!
{
	archiveVersion = 1;
	classes = {
	};
	objectVersion = 46;
	objects = {

/* Begin PBXBuildFile section */
		489B60DB89E42243D1FBBD96 /* Pods_ValleyProHealthUITests.framework in Frameworks */ = {isa = PBXBuildFile; fileRef = 28E0D4D97718E5787CA27A3F /* Pods_ValleyProHealthUITests.framework */; };
		683F6E77FC809EF9A540C919 /* Pods_ValleyProHealth.framework in Frameworks */ = {isa = PBXBuildFile; fileRef = E489910162A90C5CDDAF3EB6 /* Pods_ValleyProHealth.framework */; };
		B82D5C9E1D8F023900BDB9E8 /* ServicesFormViewController.swift in Sources */ = {isa = PBXBuildFile; fileRef = B82D5C9D1D8F023900BDB9E8 /* ServicesFormViewController.swift */; };
		B878ACFA1D8A1E940098DD10 /* LocationsViewController.swift in Sources */ = {isa = PBXBuildFile; fileRef = B878ACF91D8A1E940098DD10 /* LocationsViewController.swift */; };
		B878ACFE1D8A214D0098DD10 /* FormsViewController.swift in Sources */ = {isa = PBXBuildFile; fileRef = B878ACFD1D8A214D0098DD10 /* FormsViewController.swift */; };
		B878AD001D8A22250098DD10 /* ServicesViewController.swift in Sources */ = {isa = PBXBuildFile; fileRef = B878ACFF1D8A22250098DD10 /* ServicesViewController.swift */; };
		B878AD021D8A24A60098DD10 /* FAQsViewController.swift in Sources */ = {isa = PBXBuildFile; fileRef = B878AD011D8A24A60098DD10 /* FAQsViewController.swift */; };
		B878AD041D8A24DA0098DD10 /* PatientResourcesViewController.swift in Sources */ = {isa = PBXBuildFile; fileRef = B878AD031D8A24DA0098DD10 /* PatientResourcesViewController.swift */; };
		DD22EC2A1D74922E00E0518F /* MainPageViewController.swift in Sources */ = {isa = PBXBuildFile; fileRef = DD22EC291D74922E00E0518F /* MainPageViewController.swift */; };
		DD397D2D1D41587A0002232E /* Franklin Gothic Heavy Regular.ttf in Resources */ = {isa = PBXBuildFile; fileRef = DD397D2C1D41587A0002232E /* Franklin Gothic Heavy Regular.ttf */; };
		DD3F20691DB7BCFB00407292 /* InfoPlist.strings in Resources */ = {isa = PBXBuildFile; fileRef = DD3F206B1DB7BCFB00407292 /* InfoPlist.strings */; };
		DD3F206E1DB7BCFD00407292 /* Localizable.strings in Resources */ = {isa = PBXBuildFile; fileRef = DD3F20701DB7BCFD00407292 /* Localizable.strings */; };
		DD3F20731DB7BCFE00407292 /* InfoPlist.strings in Resources */ = {isa = PBXBuildFile; fileRef = DD3F20751DB7BCFE00407292 /* InfoPlist.strings */; };
		DD3F20781DB7BCFF00407292 /* InfoPlist.strings in Resources */ = {isa = PBXBuildFile; fileRef = DD3F207A1DB7BCFF00407292 /* InfoPlist.strings */; };
		DD41912B1DA6D291002C9706 /* BusTableViewController.swift in Sources */ = {isa = PBXBuildFile; fileRef = DD41912A1DA6D291002C9706 /* BusTableViewController.swift */; };
		DD6C440B1D86EC1800ADABA1 /* CallDialogViewController.swift in Sources */ = {isa = PBXBuildFile; fileRef = DD6C440A1D86EC1800ADABA1 /* CallDialogViewController.swift */; };
		DD6C440D1D86EE6400ADABA1 /* CustomFunctions.swift in Sources */ = {isa = PBXBuildFile; fileRef = DD6C440C1D86EE6400ADABA1 /* CustomFunctions.swift */; };
		DD6C44121D88322D00ADABA1 /* Franklin Gothic Medium.ttf in Resources */ = {isa = PBXBuildFile; fileRef = DD6C44111D88322D00ADABA1 /* Franklin Gothic Medium.ttf */; };
		DD6C44141D8836A400ADABA1 /* ProvidersViewController.swift in Sources */ = {isa = PBXBuildFile; fileRef = DD6C44131D8836A400ADABA1 /* ProvidersViewController.swift */; };
		DD6C441A1D89C7E100ADABA1 /* ProvidersFormViewController.swift in Sources */ = {isa = PBXBuildFile; fileRef = DD6C44191D89C7E100ADABA1 /* ProvidersFormViewController.swift */; };
		DD6C441C1D89EF3400ADABA1 /* Images.xcassets in Resources */ = {isa = PBXBuildFile; fileRef = DD6C441B1D89EF3400ADABA1 /* Images.xcassets */; };
		DD73348E1D40FCBC008A9023 /* AppDelegate.swift in Sources */ = {isa = PBXBuildFile; fileRef = DD73348D1D40FCBC008A9023 /* AppDelegate.swift */; };
		DD7334901D40FCBC008A9023 /* MainViewController.swift in Sources */ = {isa = PBXBuildFile; fileRef = DD73348F1D40FCBC008A9023 /* MainViewController.swift */; };
		DD7334931D40FCBC008A9023 /* Main.storyboard in Resources */ = {isa = PBXBuildFile; fileRef = DD7334911D40FCBC008A9023 /* Main.storyboard */; };
		DD7334981D40FCBC008A9023 /* LaunchScreen.storyboard in Resources */ = {isa = PBXBuildFile; fileRef = DD7334961D40FCBC008A9023 /* LaunchScreen.storyboard */; };
		DD7334A31D40FCBC008A9023 /* ValleyProHealthTests.swift in Sources */ = {isa = PBXBuildFile; fileRef = DD7334A21D40FCBC008A9023 /* ValleyProHealthTests.swift */; };
		DD7334AE1D40FCBC008A9023 /* ValleyProHealthUITests.swift in Sources */ = {isa = PBXBuildFile; fileRef = DD7334AD1D40FCBC008A9023 /* ValleyProHealthUITests.swift */; };
		DD7419621D92D27300C2694D /* FAQsFormViewController.swift in Sources */ = {isa = PBXBuildFile; fileRef = DD7419611D92D27200C2694D /* FAQsFormViewController.swift */; };
		DD7419641D92D2F300C2694D /* PatientResourcesFormViewController.swift in Sources */ = {isa = PBXBuildFile; fileRef = DD7419631D92D2F300C2694D /* PatientResourcesFormViewController.swift */; };
		DD7419661D95A06000C2694D /* MSBHCTrackerViewController.swift in Sources */ = {isa = PBXBuildFile; fileRef = DD7419651D95A06000C2694D /* MSBHCTrackerViewController.swift */; };
		DD7D1BF91DB9364F00E5EDD2 /* LocationsHoursTableViewController.swift in Sources */ = {isa = PBXBuildFile; fileRef = DD7D1BF81DB9364F00E5EDD2 /* LocationsHoursTableViewController.swift */; };
		DD7D1BFB1DBA43D400E5EDD2 /* ClinicInfoFormViewController.swift in Sources */ = {isa = PBXBuildFile; fileRef = DD7D1BFA1DBA43D400E5EDD2 /* ClinicInfoFormViewController.swift */; };
		DD9F23961D9EC01000C5E7B7 /* OptionTableViewController.swift in Sources */ = {isa = PBXBuildFile; fileRef = DD9F23951D9EC00F00C5E7B7 /* OptionTableViewController.swift */; };
		DDC194781D9D9467006B1A58 /* LocationPreferenceViewController.swift in Sources */ = {isa = PBXBuildFile; fileRef = DDC194771D9D9467006B1A58 /* LocationPreferenceViewController.swift */; };
		DDC1947A1D9DAB53006B1A58 /* OptionsViewController.swift in Sources */ = {isa = PBXBuildFile; fileRef = DDC194791D9DAB53006B1A58 /* OptionsViewController.swift */; };
		DDC1947C1D9DB7D2006B1A58 /* FeedbackViewController.swift in Sources */ = {isa = PBXBuildFile; fileRef = DDC1947B1D9DB7D2006B1A58 /* FeedbackViewController.swift */; };
		DDD9A9C31D819882000924E8 /* PageContentViewController.swift in Sources */ = {isa = PBXBuildFile; fileRef = DDD9A9C21D819882000924E8 /* PageContentViewController.swift */; };
		E3957D26DBA85A9E21393DB3 /* Pods_ValleyProHealthTests.framework in Frameworks */ = {isa = PBXBuildFile; fileRef = AADACB344326A1BD5797F797 /* Pods_ValleyProHealthTests.framework */; };
/* End PBXBuildFile section */

/* Begin PBXContainerItemProxy section */
		DD73349F1D40FCBC008A9023 /* PBXContainerItemProxy */ = {
			isa = PBXContainerItemProxy;
			containerPortal = DD7334821D40FCBC008A9023 /* Project object */;
			proxyType = 1;
			remoteGlobalIDString = DD7334891D40FCBC008A9023;
			remoteInfo = ValleyProHealth;
		};
		DD7334AA1D40FCBC008A9023 /* PBXContainerItemProxy */ = {
			isa = PBXContainerItemProxy;
			containerPortal = DD7334821D40FCBC008A9023 /* Project object */;
			proxyType = 1;
			remoteGlobalIDString = DD7334891D40FCBC008A9023;
			remoteInfo = ValleyProHealth;
		};
/* End PBXContainerItemProxy section */

/* Begin PBXFileReference section */
		0150837C686FA7E453944123 /* Pods-ValleyProHealthUITests.debug.xcconfig */ = {isa = PBXFileReference; includeInIndex = 1; lastKnownFileType = text.xcconfig; name = "Pods-ValleyProHealthUITests.debug.xcconfig"; path = "Pods/Target Support Files/Pods-ValleyProHealthUITests/Pods-ValleyProHealthUITests.debug.xcconfig"; sourceTree = "<group>"; };
		28E0D4D97718E5787CA27A3F /* Pods_ValleyProHealthUITests.framework */ = {isa = PBXFileReference; explicitFileType = wrapper.framework; includeInIndex = 0; path = Pods_ValleyProHealthUITests.framework; sourceTree = BUILT_PRODUCTS_DIR; };
		5422995C948A6F561DDFA809 /* Pods-ValleyProHealthUITests.release.xcconfig */ = {isa = PBXFileReference; includeInIndex = 1; lastKnownFileType = text.xcconfig; name = "Pods-ValleyProHealthUITests.release.xcconfig"; path = "Pods/Target Support Files/Pods-ValleyProHealthUITests/Pods-ValleyProHealthUITests.release.xcconfig"; sourceTree = "<group>"; };
		AADACB344326A1BD5797F797 /* Pods_ValleyProHealthTests.framework */ = {isa = PBXFileReference; explicitFileType = wrapper.framework; includeInIndex = 0; path = Pods_ValleyProHealthTests.framework; sourceTree = BUILT_PRODUCTS_DIR; };
		AF791674566E8AD3FE0F5381 /* Pods-ValleyProHealthTests.debug.xcconfig */ = {isa = PBXFileReference; includeInIndex = 1; lastKnownFileType = text.xcconfig; name = "Pods-ValleyProHealthTests.debug.xcconfig"; path = "Pods/Target Support Files/Pods-ValleyProHealthTests/Pods-ValleyProHealthTests.debug.xcconfig"; sourceTree = "<group>"; };
		B82D5C9D1D8F023900BDB9E8 /* ServicesFormViewController.swift */ = {isa = PBXFileReference; fileEncoding = 4; lastKnownFileType = sourcecode.swift; path = ServicesFormViewController.swift; sourceTree = "<group>"; };
		B878ACF91D8A1E940098DD10 /* LocationsViewController.swift */ = {isa = PBXFileReference; fileEncoding = 4; lastKnownFileType = sourcecode.swift; path = LocationsViewController.swift; sourceTree = "<group>"; };
		B878ACFD1D8A214D0098DD10 /* FormsViewController.swift */ = {isa = PBXFileReference; fileEncoding = 4; lastKnownFileType = sourcecode.swift; path = FormsViewController.swift; sourceTree = "<group>"; };
		B878ACFF1D8A22250098DD10 /* ServicesViewController.swift */ = {isa = PBXFileReference; fileEncoding = 4; lastKnownFileType = sourcecode.swift; path = ServicesViewController.swift; sourceTree = "<group>"; };
		B878AD011D8A24A60098DD10 /* FAQsViewController.swift */ = {isa = PBXFileReference; fileEncoding = 4; lastKnownFileType = sourcecode.swift; path = FAQsViewController.swift; sourceTree = "<group>"; };
		B878AD031D8A24DA0098DD10 /* PatientResourcesViewController.swift */ = {isa = PBXFileReference; fileEncoding = 4; lastKnownFileType = sourcecode.swift; path = PatientResourcesViewController.swift; sourceTree = "<group>"; };
		C2E4E2647DAC45F3484FD195 /* Pods-ValleyProHealth.release.xcconfig */ = {isa = PBXFileReference; includeInIndex = 1; lastKnownFileType = text.xcconfig; name = "Pods-ValleyProHealth.release.xcconfig"; path = "Pods/Target Support Files/Pods-ValleyProHealth/Pods-ValleyProHealth.release.xcconfig"; sourceTree = "<group>"; };
		D09FACF5A267DA4F5437038D /* Pods-ValleyProHealthTests.release.xcconfig */ = {isa = PBXFileReference; includeInIndex = 1; lastKnownFileType = text.xcconfig; name = "Pods-ValleyProHealthTests.release.xcconfig"; path = "Pods/Target Support Files/Pods-ValleyProHealthTests/Pods-ValleyProHealthTests.release.xcconfig"; sourceTree = "<group>"; };
		DC2BD4EB61462DA920CEB5BB /* Pods-ValleyProHealth.debug.xcconfig */ = {isa = PBXFileReference; includeInIndex = 1; lastKnownFileType = text.xcconfig; name = "Pods-ValleyProHealth.debug.xcconfig"; path = "Pods/Target Support Files/Pods-ValleyProHealth/Pods-ValleyProHealth.debug.xcconfig"; sourceTree = "<group>"; };
		DD22EC291D74922E00E0518F /* MainPageViewController.swift */ = {isa = PBXFileReference; fileEncoding = 4; lastKnownFileType = sourcecode.swift; path = MainPageViewController.swift; sourceTree = "<group>"; };
		DD33F0FA1DB12BD5006FFD36 /* es */ = {isa = PBXFileReference; lastKnownFileType = text.plist.strings; name = es; path = es.lproj/LaunchScreen.strings; sourceTree = "<group>"; };
		DD397D2C1D41587A0002232E /* Franklin Gothic Heavy Regular.ttf */ = {isa = PBXFileReference; lastKnownFileType = file; name = "Franklin Gothic Heavy Regular.ttf"; path = "../Franklin Gothic Heavy Regular.ttf"; sourceTree = "<group>"; };
		DD3CD5F11DC271FC00C811EC /* es */ = {isa = PBXFileReference; lastKnownFileType = text.plist.strings; name = es; path = es.lproj/Main.strings; sourceTree = "<group>"; };
		DD3F206A1DB7BCFB00407292 /* es */ = {isa = PBXFileReference; lastKnownFileType = text.plist.strings; name = es; path = es.lproj/InfoPlist.strings; sourceTree = "<group>"; };
		DD3F206F1DB7BCFD00407292 /* es */ = {isa = PBXFileReference; lastKnownFileType = text.plist.strings; name = es; path = es.lproj/Localizable.strings; sourceTree = "<group>"; };
		DD3F20741DB7BCFE00407292 /* es */ = {isa = PBXFileReference; lastKnownFileType = text.plist.strings; name = es; path = es.lproj/InfoPlist.strings; sourceTree = "<group>"; };
		DD3F20791DB7BCFF00407292 /* es */ = {isa = PBXFileReference; lastKnownFileType = text.plist.strings; name = es; path = es.lproj/InfoPlist.strings; sourceTree = "<group>"; };
		DD41912A1DA6D291002C9706 /* BusTableViewController.swift */ = {isa = PBXFileReference; fileEncoding = 4; lastKnownFileType = sourcecode.swift; path = BusTableViewController.swift; sourceTree = "<group>"; };
		DD6C440A1D86EC1800ADABA1 /* CallDialogViewController.swift */ = {isa = PBXFileReference; fileEncoding = 4; lastKnownFileType = sourcecode.swift; path = CallDialogViewController.swift; sourceTree = "<group>"; };
		DD6C440C1D86EE6400ADABA1 /* CustomFunctions.swift */ = {isa = PBXFileReference; fileEncoding = 4; lastKnownFileType = sourcecode.swift; path = CustomFunctions.swift; sourceTree = "<group>"; };
		DD6C44111D88322D00ADABA1 /* Franklin Gothic Medium.ttf */ = {isa = PBXFileReference; lastKnownFileType = file; path = "Franklin Gothic Medium.ttf"; sourceTree = "<group>"; };
		DD6C44131D8836A400ADABA1 /* ProvidersViewController.swift */ = {isa = PBXFileReference; fileEncoding = 4; lastKnownFileType = sourcecode.swift; path = ProvidersViewController.swift; sourceTree = "<group>"; };
		DD6C44191D89C7E100ADABA1 /* ProvidersFormViewController.swift */ = {isa = PBXFileReference; fileEncoding = 4; lastKnownFileType = sourcecode.swift; path = ProvidersFormViewController.swift; sourceTree = "<group>"; };
		DD6C441B1D89EF3400ADABA1 /* Images.xcassets */ = {isa = PBXFileReference; lastKnownFileType = folder.assetcatalog; path = Images.xcassets; sourceTree = "<group>"; };
		DD73348A1D40FCBC008A9023 /* ValleyProHealth.app */ = {isa = PBXFileReference; explicitFileType = wrapper.application; includeInIndex = 0; path = ValleyProHealth.app; sourceTree = BUILT_PRODUCTS_DIR; };
		DD73348D1D40FCBC008A9023 /* AppDelegate.swift */ = {isa = PBXFileReference; lastKnownFileType = sourcecode.swift; path = AppDelegate.swift; sourceTree = "<group>"; };
		DD73348F1D40FCBC008A9023 /* MainViewController.swift */ = {isa = PBXFileReference; lastKnownFileType = sourcecode.swift; path = MainViewController.swift; sourceTree = "<group>"; };
		DD7334921D40FCBC008A9023 /* Base */ = {isa = PBXFileReference; lastKnownFileType = file.storyboard; name = Base; path = Base.lproj/Main.storyboard; sourceTree = "<group>"; };
		DD7334971D40FCBC008A9023 /* Base */ = {isa = PBXFileReference; lastKnownFileType = file.storyboard; name = Base; path = Base.lproj/LaunchScreen.storyboard; sourceTree = "<group>"; };
		DD7334991D40FCBC008A9023 /* Info.plist */ = {isa = PBXFileReference; lastKnownFileType = text.plist.xml; path = Info.plist; sourceTree = "<group>"; };
		DD73349E1D40FCBC008A9023 /* ValleyProHealthTests.xctest */ = {isa = PBXFileReference; explicitFileType = wrapper.cfbundle; includeInIndex = 0; path = ValleyProHealthTests.xctest; sourceTree = BUILT_PRODUCTS_DIR; };
		DD7334A21D40FCBC008A9023 /* ValleyProHealthTests.swift */ = {isa = PBXFileReference; lastKnownFileType = sourcecode.swift; path = ValleyProHealthTests.swift; sourceTree = "<group>"; };
		DD7334A41D40FCBC008A9023 /* Info.plist */ = {isa = PBXFileReference; lastKnownFileType = text.plist.xml; path = Info.plist; sourceTree = "<group>"; };
		DD7334A91D40FCBC008A9023 /* ValleyProHealthUITests.xctest */ = {isa = PBXFileReference; explicitFileType = wrapper.cfbundle; includeInIndex = 0; path = ValleyProHealthUITests.xctest; sourceTree = BUILT_PRODUCTS_DIR; };
		DD7334AD1D40FCBC008A9023 /* ValleyProHealthUITests.swift */ = {isa = PBXFileReference; lastKnownFileType = sourcecode.swift; path = ValleyProHealthUITests.swift; sourceTree = "<group>"; };
		DD7334AF1D40FCBC008A9023 /* Info.plist */ = {isa = PBXFileReference; lastKnownFileType = text.plist.xml; path = Info.plist; sourceTree = "<group>"; };
		DD7419611D92D27200C2694D /* FAQsFormViewController.swift */ = {isa = PBXFileReference; fileEncoding = 4; lastKnownFileType = sourcecode.swift; path = FAQsFormViewController.swift; sourceTree = "<group>"; };
		DD7419631D92D2F300C2694D /* PatientResourcesFormViewController.swift */ = {isa = PBXFileReference; fileEncoding = 4; lastKnownFileType = sourcecode.swift; path = PatientResourcesFormViewController.swift; sourceTree = "<group>"; };
		DD7419651D95A06000C2694D /* MSBHCTrackerViewController.swift */ = {isa = PBXFileReference; fileEncoding = 4; lastKnownFileType = sourcecode.swift; path = MSBHCTrackerViewController.swift; sourceTree = "<group>"; };
		DD7D1BF81DB9364F00E5EDD2 /* LocationsHoursTableViewController.swift */ = {isa = PBXFileReference; fileEncoding = 4; lastKnownFileType = sourcecode.swift; name = LocationsHoursTableViewController.swift; path = ../LocationsHoursTableViewController.swift; sourceTree = "<group>"; };
		DD7D1BFA1DBA43D400E5EDD2 /* ClinicInfoFormViewController.swift */ = {isa = PBXFileReference; fileEncoding = 4; lastKnownFileType = sourcecode.swift; name = ClinicInfoFormViewController.swift; path = ../ClinicInfoFormViewController.swift; sourceTree = "<group>"; };
		DD9F23951D9EC00F00C5E7B7 /* OptionTableViewController.swift */ = {isa = PBXFileReference; fileEncoding = 4; lastKnownFileType = sourcecode.swift; path = OptionTableViewController.swift; sourceTree = "<group>"; };
		DDC194771D9D9467006B1A58 /* LocationPreferenceViewController.swift */ = {isa = PBXFileReference; fileEncoding = 4; lastKnownFileType = sourcecode.swift; path = LocationPreferenceViewController.swift; sourceTree = "<group>"; };
		DDC194791D9DAB53006B1A58 /* OptionsViewController.swift */ = {isa = PBXFileReference; fileEncoding = 4; lastKnownFileType = sourcecode.swift; path = OptionsViewController.swift; sourceTree = "<group>"; };
		DDC1947B1D9DB7D2006B1A58 /* FeedbackViewController.swift */ = {isa = PBXFileReference; fileEncoding = 4; lastKnownFileType = sourcecode.swift; path = FeedbackViewController.swift; sourceTree = "<group>"; };
		DDC8C9C51DD12DC100367F1C /* en */ = {isa = PBXFileReference; lastKnownFileType = text.plist.strings; name = en; path = en.lproj/Localizable.strings; sourceTree = "<group>"; };
		DDC8C9C71DD12F3600367F1C /* en */ = {isa = PBXFileReference; lastKnownFileType = text.plist.strings; name = en; path = en.lproj/Main.strings; sourceTree = "<group>"; };
		DDD9A9C21D819882000924E8 /* PageContentViewController.swift */ = {isa = PBXFileReference; fileEncoding = 4; lastKnownFileType = sourcecode.swift; path = PageContentViewController.swift; sourceTree = "<group>"; };
		E489910162A90C5CDDAF3EB6 /* Pods_ValleyProHealth.framework */ = {isa = PBXFileReference; explicitFileType = wrapper.framework; includeInIndex = 0; path = Pods_ValleyProHealth.framework; sourceTree = BUILT_PRODUCTS_DIR; };
/* End PBXFileReference section */

/* Begin PBXFrameworksBuildPhase section */
		DD7334871D40FCBC008A9023 /* Frameworks */ = {
			isa = PBXFrameworksBuildPhase;
			buildActionMask = 2147483647;
			files = (
				683F6E77FC809EF9A540C919 /* Pods_ValleyProHealth.framework in Frameworks */,
			);
			runOnlyForDeploymentPostprocessing = 0;
		};
		DD73349B1D40FCBC008A9023 /* Frameworks */ = {
			isa = PBXFrameworksBuildPhase;
			buildActionMask = 2147483647;
			files = (
				E3957D26DBA85A9E21393DB3 /* Pods_ValleyProHealthTests.framework in Frameworks */,
			);
			runOnlyForDeploymentPostprocessing = 0;
		};
		DD7334A61D40FCBC008A9023 /* Frameworks */ = {
			isa = PBXFrameworksBuildPhase;
			buildActionMask = 2147483647;
			files = (
				489B60DB89E42243D1FBBD96 /* Pods_ValleyProHealthUITests.framework in Frameworks */,
			);
			runOnlyForDeploymentPostprocessing = 0;
		};
/* End PBXFrameworksBuildPhase section */

/* Begin PBXGroup section */
		1E94AF14F1CCF43C160EC73A /* Frameworks */ = {
			isa = PBXGroup;
			children = (
				E489910162A90C5CDDAF3EB6 /* Pods_ValleyProHealth.framework */,
				AADACB344326A1BD5797F797 /* Pods_ValleyProHealthTests.framework */,
				28E0D4D97718E5787CA27A3F /* Pods_ValleyProHealthUITests.framework */,
			);
			name = Frameworks;
			sourceTree = "<group>";
		};
		905D725060CCD18919BC2927 /* Pods */ = {
			isa = PBXGroup;
			children = (
				DC2BD4EB61462DA920CEB5BB /* Pods-ValleyProHealth.debug.xcconfig */,
				C2E4E2647DAC45F3484FD195 /* Pods-ValleyProHealth.release.xcconfig */,
				AF791674566E8AD3FE0F5381 /* Pods-ValleyProHealthTests.debug.xcconfig */,
				D09FACF5A267DA4F5437038D /* Pods-ValleyProHealthTests.release.xcconfig */,
				0150837C686FA7E453944123 /* Pods-ValleyProHealthUITests.debug.xcconfig */,
				5422995C948A6F561DDFA809 /* Pods-ValleyProHealthUITests.release.xcconfig */,
			);
			name = Pods;
			sourceTree = "<group>";
		};
		DD397D2B1D4157C90002232E /* Resources */ = {
			isa = PBXGroup;
			children = (
				DD6C44111D88322D00ADABA1 /* Franklin Gothic Medium.ttf */,
				DD397D2C1D41587A0002232E /* Franklin Gothic Heavy Regular.ttf */,
			);
			name = Resources;
			sourceTree = "<group>";
		};
		DD7334811D40FCBC008A9023 = {
			isa = PBXGroup;
			children = (
				DD397D2B1D4157C90002232E /* Resources */,
				DD73348C1D40FCBC008A9023 /* ValleyProHealth */,
				DD7334A11D40FCBC008A9023 /* ValleyProHealthTests */,
				DD7334AC1D40FCBC008A9023 /* ValleyProHealthUITests */,
				DD73348B1D40FCBC008A9023 /* Products */,
				905D725060CCD18919BC2927 /* Pods */,
				1E94AF14F1CCF43C160EC73A /* Frameworks */,
			);
			sourceTree = "<group>";
		};
		DD73348B1D40FCBC008A9023 /* Products */ = {
			isa = PBXGroup;
			children = (
				DD73348A1D40FCBC008A9023 /* ValleyProHealth.app */,
				DD73349E1D40FCBC008A9023 /* ValleyProHealthTests.xctest */,
				DD7334A91D40FCBC008A9023 /* ValleyProHealthUITests.xctest */,
			);
			name = Products;
			sourceTree = "<group>";
		};
		DD73348C1D40FCBC008A9023 /* ValleyProHealth */ = {
			isa = PBXGroup;
			children = (
				DD3F20701DB7BCFD00407292 /* Localizable.strings */,
				DD3F206B1DB7BCFB00407292 /* InfoPlist.strings */,
				DD73348D1D40FCBC008A9023 /* AppDelegate.swift */,
				DD7334911D40FCBC008A9023 /* Main.storyboard */,
				DD6C441B1D89EF3400ADABA1 /* Images.xcassets */,
				DD7334961D40FCBC008A9023 /* LaunchScreen.storyboard */,
				DD7334991D40FCBC008A9023 /* Info.plist */,
				DD6C440C1D86EE6400ADABA1 /* CustomFunctions.swift */,
				DD41912A1DA6D291002C9706 /* BusTableViewController.swift */,
				DD6C440A1D86EC1800ADABA1 /* CallDialogViewController.swift */,
				DD7D1BFA1DBA43D400E5EDD2 /* ClinicInfoFormViewController.swift */,
				DD7419611D92D27200C2694D /* FAQsFormViewController.swift */,
				B878AD011D8A24A60098DD10 /* FAQsViewController.swift */,
				DDC1947B1D9DB7D2006B1A58 /* FeedbackViewController.swift */,
				B878ACFD1D8A214D0098DD10 /* FormsViewController.swift */,
				DDC194771D9D9467006B1A58 /* LocationPreferenceViewController.swift */,
				DD7D1BF81DB9364F00E5EDD2 /* LocationsHoursTableViewController.swift */,
				B878ACF91D8A1E940098DD10 /* LocationsViewController.swift */,
				DD22EC291D74922E00E0518F /* MainPageViewController.swift */,
				DD73348F1D40FCBC008A9023 /* MainViewController.swift */,
				DD7419651D95A06000C2694D /* MSBHCTrackerViewController.swift */,
				DD9F23951D9EC00F00C5E7B7 /* OptionTableViewController.swift */,
				DDC194791D9DAB53006B1A58 /* OptionsViewController.swift */,
				DDD9A9C21D819882000924E8 /* PageContentViewController.swift */,
				B878AD031D8A24DA0098DD10 /* PatientResourcesViewController.swift */,
				DD7419631D92D2F300C2694D /* PatientResourcesFormViewController.swift */,
				DD6C44131D8836A400ADABA1 /* ProvidersViewController.swift */,
				DD6C44191D89C7E100ADABA1 /* ProvidersFormViewController.swift */,
				B878ACFF1D8A22250098DD10 /* ServicesViewController.swift */,
				B82D5C9D1D8F023900BDB9E8 /* ServicesFormViewController.swift */,
			);
			path = ValleyProHealth;
			sourceTree = "<group>";
		};
		DD7334A11D40FCBC008A9023 /* ValleyProHealthTests */ = {
			isa = PBXGroup;
			children = (
				DD3F20751DB7BCFE00407292 /* InfoPlist.strings */,
				DD7334A21D40FCBC008A9023 /* ValleyProHealthTests.swift */,
				DD7334A41D40FCBC008A9023 /* Info.plist */,
			);
			path = ValleyProHealthTests;
			sourceTree = "<group>";
		};
		DD7334AC1D40FCBC008A9023 /* ValleyProHealthUITests */ = {
			isa = PBXGroup;
			children = (
				DD3F207A1DB7BCFF00407292 /* InfoPlist.strings */,
				DD7334AD1D40FCBC008A9023 /* ValleyProHealthUITests.swift */,
				DD7334AF1D40FCBC008A9023 /* Info.plist */,
			);
			path = ValleyProHealthUITests;
			sourceTree = "<group>";
		};
/* End PBXGroup section */

/* Begin PBXNativeTarget section */
		DD7334891D40FCBC008A9023 /* ValleyProHealth */ = {
			isa = PBXNativeTarget;
			buildConfigurationList = DD7334B21D40FCBC008A9023 /* Build configuration list for PBXNativeTarget "ValleyProHealth" */;
			buildPhases = (
				8C443351E32BC8A054461054 /* [CP] Check Pods Manifest.lock */,
				DD7334861D40FCBC008A9023 /* Sources */,
				DD7334871D40FCBC008A9023 /* Frameworks */,
				DD7334881D40FCBC008A9023 /* Resources */,
				DDC1946E1D9D545B006B1A58 /* ShellScript */,
				3942F233593530248FA59A07 /* [CP] Embed Pods Frameworks */,
				403D80C0F957CEE2E4D6C0CA /* [CP] Copy Pods Resources */,
			);
			buildRules = (
			);
			dependencies = (
			);
			name = ValleyProHealth;
			productName = ValleyProHealth;
			productReference = DD73348A1D40FCBC008A9023 /* ValleyProHealth.app */;
			productType = "com.apple.product-type.application";
		};
		DD73349D1D40FCBC008A9023 /* ValleyProHealthTests */ = {
			isa = PBXNativeTarget;
			buildConfigurationList = DD7334B51D40FCBC008A9023 /* Build configuration list for PBXNativeTarget "ValleyProHealthTests" */;
			buildPhases = (
				DEC7F4155A559E12D818BE3F /* [CP] Check Pods Manifest.lock */,
				DD73349A1D40FCBC008A9023 /* Sources */,
				DD73349B1D40FCBC008A9023 /* Frameworks */,
				DD73349C1D40FCBC008A9023 /* Resources */,
				AC8F867A228B199DCA510467 /* [CP] Embed Pods Frameworks */,
				DA35155A7EDEE75DEA2C1148 /* [CP] Copy Pods Resources */,
			);
			buildRules = (
			);
			dependencies = (
				DD7334A01D40FCBC008A9023 /* PBXTargetDependency */,
			);
			name = ValleyProHealthTests;
			productName = ValleyProHealthTests;
			productReference = DD73349E1D40FCBC008A9023 /* ValleyProHealthTests.xctest */;
			productType = "com.apple.product-type.bundle.unit-test";
		};
		DD7334A81D40FCBC008A9023 /* ValleyProHealthUITests */ = {
			isa = PBXNativeTarget;
			buildConfigurationList = DD7334B81D40FCBC008A9023 /* Build configuration list for PBXNativeTarget "ValleyProHealthUITests" */;
			buildPhases = (
				5576620820A365874E222C27 /* [CP] Check Pods Manifest.lock */,
				DD7334A51D40FCBC008A9023 /* Sources */,
				DD7334A61D40FCBC008A9023 /* Frameworks */,
				DD7334A71D40FCBC008A9023 /* Resources */,
				EBE985BF902A12720169577D /* [CP] Embed Pods Frameworks */,
				9B38D726C7CB02AAF4491F21 /* [CP] Copy Pods Resources */,
			);
			buildRules = (
			);
			dependencies = (
				DD7334AB1D40FCBC008A9023 /* PBXTargetDependency */,
			);
			name = ValleyProHealthUITests;
			productName = ValleyProHealthUITests;
			productReference = DD7334A91D40FCBC008A9023 /* ValleyProHealthUITests.xctest */;
			productType = "com.apple.product-type.bundle.ui-testing";
		};
/* End PBXNativeTarget section */

/* Begin PBXProject section */
		DD7334821D40FCBC008A9023 /* Project object */ = {
			isa = PBXProject;
			attributes = {
				LastSwiftUpdateCheck = 0730;
				LastUpgradeCheck = 0800;
				ORGANIZATIONNAME = "Valley Professionals Community Health Center";
				TargetAttributes = {
					DD7334891D40FCBC008A9023 = {
						CreatedOnToolsVersion = 7.3.1;
						DevelopmentTeam = DBBH97JPKH;
						LastSwiftMigration = 0800;
					};
					DD73349D1D40FCBC008A9023 = {
						CreatedOnToolsVersion = 7.3.1;
						LastSwiftMigration = 0800;
						TestTargetID = DD7334891D40FCBC008A9023;
					};
					DD7334A81D40FCBC008A9023 = {
						CreatedOnToolsVersion = 7.3.1;
						LastSwiftMigration = 0800;
						TestTargetID = DD7334891D40FCBC008A9023;
					};
				};
			};
			buildConfigurationList = DD7334851D40FCBC008A9023 /* Build configuration list for PBXProject "ValleyProHealth" */;
			compatibilityVersion = "Xcode 3.2";
			developmentRegion = English;
			hasScannedForEncodings = 0;
			knownRegions = (
				en,
				Base,
			);
			mainGroup = DD7334811D40FCBC008A9023;
			productRefGroup = DD73348B1D40FCBC008A9023 /* Products */;
			projectDirPath = "";
			projectRoot = "";
			targets = (
				DD7334891D40FCBC008A9023 /* ValleyProHealth */,
				DD73349D1D40FCBC008A9023 /* ValleyProHealthTests */,
				DD7334A81D40FCBC008A9023 /* ValleyProHealthUITests */,
			);
		};
/* End PBXProject section */

/* Begin PBXResourcesBuildPhase section */
		DD7334881D40FCBC008A9023 /* Resources */ = {
			isa = PBXResourcesBuildPhase;
			buildActionMask = 2147483647;
			files = (
				DD7334981D40FCBC008A9023 /* LaunchScreen.storyboard in Resources */,
				DD3F20691DB7BCFB00407292 /* InfoPlist.strings in Resources */,
				DD6C441C1D89EF3400ADABA1 /* Images.xcassets in Resources */,
				DD3F206E1DB7BCFD00407292 /* Localizable.strings in Resources */,
				DD397D2D1D41587A0002232E /* Franklin Gothic Heavy Regular.ttf in Resources */,
				DD6C44121D88322D00ADABA1 /* Franklin Gothic Medium.ttf in Resources */,
				DD7334931D40FCBC008A9023 /* Main.storyboard in Resources */,
			);
			runOnlyForDeploymentPostprocessing = 0;
		};
		DD73349C1D40FCBC008A9023 /* Resources */ = {
			isa = PBXResourcesBuildPhase;
			buildActionMask = 2147483647;
			files = (
				DD3F20731DB7BCFE00407292 /* InfoPlist.strings in Resources */,
			);
			runOnlyForDeploymentPostprocessing = 0;
		};
		DD7334A71D40FCBC008A9023 /* Resources */ = {
			isa = PBXResourcesBuildPhase;
			buildActionMask = 2147483647;
			files = (
				DD3F20781DB7BCFF00407292 /* InfoPlist.strings in Resources */,
			);
			runOnlyForDeploymentPostprocessing = 0;
		};
/* End PBXResourcesBuildPhase section */

/* Begin PBXShellScriptBuildPhase section */
		3942F233593530248FA59A07 /* [CP] Embed Pods Frameworks */ = {
			isa = PBXShellScriptBuildPhase;
			buildActionMask = 2147483647;
			files = (
			);
			inputPaths = (
			);
			name = "[CP] Embed Pods Frameworks";
			outputPaths = (
			);
			runOnlyForDeploymentPostprocessing = 0;
			shellPath = /bin/sh;
			shellScript = "\"${SRCROOT}/Pods/Target Support Files/Pods-ValleyProHealth/Pods-ValleyProHealth-frameworks.sh\"\n";
			showEnvVarsInLog = 0;
		};
		403D80C0F957CEE2E4D6C0CA /* [CP] Copy Pods Resources */ = {
			isa = PBXShellScriptBuildPhase;
			buildActionMask = 2147483647;
			files = (
			);
			inputPaths = (
			);
			name = "[CP] Copy Pods Resources";
			outputPaths = (
			);
			runOnlyForDeploymentPostprocessing = 0;
			shellPath = /bin/sh;
			shellScript = "\"${SRCROOT}/Pods/Target Support Files/Pods-ValleyProHealth/Pods-ValleyProHealth-resources.sh\"\n";
			showEnvVarsInLog = 0;
		};
		5576620820A365874E222C27 /* [CP] Check Pods Manifest.lock */ = {
			isa = PBXShellScriptBuildPhase;
			buildActionMask = 2147483647;
			files = (
			);
			inputPaths = (
			);
			name = "[CP] Check Pods Manifest.lock";
			outputPaths = (
			);
			runOnlyForDeploymentPostprocessing = 0;
			shellPath = /bin/sh;
			shellScript = "diff \"${PODS_ROOT}/../Podfile.lock\" \"${PODS_ROOT}/Manifest.lock\" > /dev/null\nif [ $? != 0 ] ; then\n    # print error to STDERR\n    echo \"error: The sandbox is not in sync with the Podfile.lock. Run 'pod install' or update your CocoaPods installation.\" >&2\n    exit 1\nfi\n";
			showEnvVarsInLog = 0;
		};
		8C443351E32BC8A054461054 /* [CP] Check Pods Manifest.lock */ = {
			isa = PBXShellScriptBuildPhase;
			buildActionMask = 2147483647;
			files = (
			);
			inputPaths = (
			);
			name = "[CP] Check Pods Manifest.lock";
			outputPaths = (
			);
			runOnlyForDeploymentPostprocessing = 0;
			shellPath = /bin/sh;
			shellScript = "diff \"${PODS_ROOT}/../Podfile.lock\" \"${PODS_ROOT}/Manifest.lock\" > /dev/null\nif [ $? != 0 ] ; then\n    # print error to STDERR\n    echo \"error: The sandbox is not in sync with the Podfile.lock. Run 'pod install' or update your CocoaPods installation.\" >&2\n    exit 1\nfi\n";
			showEnvVarsInLog = 0;
		};
		9B38D726C7CB02AAF4491F21 /* [CP] Copy Pods Resources */ = {
			isa = PBXShellScriptBuildPhase;
			buildActionMask = 2147483647;
			files = (
			);
			inputPaths = (
			);
			name = "[CP] Copy Pods Resources";
			outputPaths = (
			);
			runOnlyForDeploymentPostprocessing = 0;
			shellPath = /bin/sh;
			shellScript = "\"${SRCROOT}/Pods/Target Support Files/Pods-ValleyProHealthUITests/Pods-ValleyProHealthUITests-resources.sh\"\n";
			showEnvVarsInLog = 0;
		};
		AC8F867A228B199DCA510467 /* [CP] Embed Pods Frameworks */ = {
			isa = PBXShellScriptBuildPhase;
			buildActionMask = 2147483647;
			files = (
			);
			inputPaths = (
			);
			name = "[CP] Embed Pods Frameworks";
			outputPaths = (
			);
			runOnlyForDeploymentPostprocessing = 0;
			shellPath = /bin/sh;
			shellScript = "\"${SRCROOT}/Pods/Target Support Files/Pods-ValleyProHealthTests/Pods-ValleyProHealthTests-frameworks.sh\"\n";
			showEnvVarsInLog = 0;
		};
		DA35155A7EDEE75DEA2C1148 /* [CP] Copy Pods Resources */ = {
			isa = PBXShellScriptBuildPhase;
			buildActionMask = 2147483647;
			files = (
			);
			inputPaths = (
			);
			name = "[CP] Copy Pods Resources";
			outputPaths = (
			);
			runOnlyForDeploymentPostprocessing = 0;
			shellPath = /bin/sh;
			shellScript = "\"${SRCROOT}/Pods/Target Support Files/Pods-ValleyProHealthTests/Pods-ValleyProHealthTests-resources.sh\"\n";
			showEnvVarsInLog = 0;
		};
		DDC1946E1D9D545B006B1A58 /* ShellScript */ = {
			isa = PBXShellScriptBuildPhase;
			buildActionMask = 2147483647;
			files = (
			);
			inputPaths = (
			);
			outputPaths = (
			);
			runOnlyForDeploymentPostprocessing = 0;
			shellPath = /bin/sh;
			shellScript = "./Fabric.framework/run 607eb4d8580faaad3c22d9181877fdebfa193260 0616824e06eeba7d027d2d937b3133c186b42d90ae14ad71b1fc8fd7f0cc01bf";
		};
		DEC7F4155A559E12D818BE3F /* [CP] Check Pods Manifest.lock */ = {
			isa = PBXShellScriptBuildPhase;
			buildActionMask = 2147483647;
			files = (
			);
			inputPaths = (
			);
			name = "[CP] Check Pods Manifest.lock";
			outputPaths = (
			);
			runOnlyForDeploymentPostprocessing = 0;
			shellPath = /bin/sh;
			shellScript = "diff \"${PODS_ROOT}/../Podfile.lock\" \"${PODS_ROOT}/Manifest.lock\" > /dev/null\nif [ $? != 0 ] ; then\n    # print error to STDERR\n    echo \"error: The sandbox is not in sync with the Podfile.lock. Run 'pod install' or update your CocoaPods installation.\" >&2\n    exit 1\nfi\n";
			showEnvVarsInLog = 0;
		};
		EBE985BF902A12720169577D /* [CP] Embed Pods Frameworks */ = {
			isa = PBXShellScriptBuildPhase;
			buildActionMask = 2147483647;
			files = (
			);
			inputPaths = (
			);
			name = "[CP] Embed Pods Frameworks";
			outputPaths = (
			);
			runOnlyForDeploymentPostprocessing = 0;
			shellPath = /bin/sh;
			shellScript = "\"${SRCROOT}/Pods/Target Support Files/Pods-ValleyProHealthUITests/Pods-ValleyProHealthUITests-frameworks.sh\"\n";
			showEnvVarsInLog = 0;
		};
/* End PBXShellScriptBuildPhase section */

/* Begin PBXSourcesBuildPhase section */
		DD7334861D40FCBC008A9023 /* Sources */ = {
			isa = PBXSourcesBuildPhase;
			buildActionMask = 2147483647;
			files = (
				DD7334901D40FCBC008A9023 /* MainViewController.swift in Sources */,
				B878AD021D8A24A60098DD10 /* FAQsViewController.swift in Sources */,
				DDC1947A1D9DAB53006B1A58 /* OptionsViewController.swift in Sources */,
				DD41912B1DA6D291002C9706 /* BusTableViewController.swift in Sources */,
				DDD9A9C31D819882000924E8 /* PageContentViewController.swift in Sources */,
				DDC194781D9D9467006B1A58 /* LocationPreferenceViewController.swift in Sources */,
				DD7419621D92D27300C2694D /* FAQsFormViewController.swift in Sources */,
				B82D5C9E1D8F023900BDB9E8 /* ServicesFormViewController.swift in Sources */,
				B878ACFA1D8A1E940098DD10 /* LocationsViewController.swift in Sources */,
				DD22EC2A1D74922E00E0518F /* MainPageViewController.swift in Sources */,
				DD7D1BF91DB9364F00E5EDD2 /* LocationsHoursTableViewController.swift in Sources */,
				B878ACFE1D8A214D0098DD10 /* FormsViewController.swift in Sources */,
				DD7D1BFB1DBA43D400E5EDD2 /* ClinicInfoFormViewController.swift in Sources */,
				DD7419641D92D2F300C2694D /* PatientResourcesFormViewController.swift in Sources */,
				DDC1947C1D9DB7D2006B1A58 /* FeedbackViewController.swift in Sources */,
				DD9F23961D9EC01000C5E7B7 /* OptionTableViewController.swift in Sources */,
				B878AD041D8A24DA0098DD10 /* PatientResourcesViewController.swift in Sources */,
				DD6C44141D8836A400ADABA1 /* ProvidersViewController.swift in Sources */,
				DD7419661D95A06000C2694D /* MSBHCTrackerViewController.swift in Sources */,
				DD73348E1D40FCBC008A9023 /* AppDelegate.swift in Sources */,
				DD6C440D1D86EE6400ADABA1 /* CustomFunctions.swift in Sources */,
				DD6C440B1D86EC1800ADABA1 /* CallDialogViewController.swift in Sources */,
				B878AD001D8A22250098DD10 /* ServicesViewController.swift in Sources */,
				DD6C441A1D89C7E100ADABA1 /* ProvidersFormViewController.swift in Sources */,
			);
			runOnlyForDeploymentPostprocessing = 0;
		};
		DD73349A1D40FCBC008A9023 /* Sources */ = {
			isa = PBXSourcesBuildPhase;
			buildActionMask = 2147483647;
			files = (
				DD7334A31D40FCBC008A9023 /* ValleyProHealthTests.swift in Sources */,
			);
			runOnlyForDeploymentPostprocessing = 0;
		};
		DD7334A51D40FCBC008A9023 /* Sources */ = {
			isa = PBXSourcesBuildPhase;
			buildActionMask = 2147483647;
			files = (
				DD7334AE1D40FCBC008A9023 /* ValleyProHealthUITests.swift in Sources */,
			);
			runOnlyForDeploymentPostprocessing = 0;
		};
/* End PBXSourcesBuildPhase section */

/* Begin PBXTargetDependency section */
		DD7334A01D40FCBC008A9023 /* PBXTargetDependency */ = {
			isa = PBXTargetDependency;
			target = DD7334891D40FCBC008A9023 /* ValleyProHealth */;
			targetProxy = DD73349F1D40FCBC008A9023 /* PBXContainerItemProxy */;
		};
		DD7334AB1D40FCBC008A9023 /* PBXTargetDependency */ = {
			isa = PBXTargetDependency;
			target = DD7334891D40FCBC008A9023 /* ValleyProHealth */;
			targetProxy = DD7334AA1D40FCBC008A9023 /* PBXContainerItemProxy */;
		};
/* End PBXTargetDependency section */

/* Begin PBXVariantGroup section */
		DD3F206B1DB7BCFB00407292 /* InfoPlist.strings */ = {
			isa = PBXVariantGroup;
			children = (
				DD3F206A1DB7BCFB00407292 /* es */,
			);
			name = InfoPlist.strings;
			sourceTree = "<group>";
		};
		DD3F20701DB7BCFD00407292 /* Localizable.strings */ = {
			isa = PBXVariantGroup;
			children = (
				DD3F206F1DB7BCFD00407292 /* es */,
				DDC8C9C51DD12DC100367F1C /* en */,
			);
			name = Localizable.strings;
			sourceTree = "<group>";
		};
		DD3F20751DB7BCFE00407292 /* InfoPlist.strings */ = {
			isa = PBXVariantGroup;
			children = (
				DD3F20741DB7BCFE00407292 /* es */,
			);
			name = InfoPlist.strings;
			sourceTree = "<group>";
		};
		DD3F207A1DB7BCFF00407292 /* InfoPlist.strings */ = {
			isa = PBXVariantGroup;
			children = (
				DD3F20791DB7BCFF00407292 /* es */,
			);
			name = InfoPlist.strings;
			sourceTree = "<group>";
		};
		DD7334911D40FCBC008A9023 /* Main.storyboard */ = {
			isa = PBXVariantGroup;
			children = (
				DD7334921D40FCBC008A9023 /* Base */,
				DD3CD5F11DC271FC00C811EC /* es */,
				DDC8C9C71DD12F3600367F1C /* en */,
			);
			name = Main.storyboard;
			sourceTree = "<group>";
		};
		DD7334961D40FCBC008A9023 /* LaunchScreen.storyboard */ = {
			isa = PBXVariantGroup;
			children = (
				DD7334971D40FCBC008A9023 /* Base */,
				DD33F0FA1DB12BD5006FFD36 /* es */,
			);
			name = LaunchScreen.storyboard;
			sourceTree = "<group>";
		};
/* End PBXVariantGroup section */

/* Begin XCBuildConfiguration section */
		DD7334B01D40FCBC008A9023 /* Debug */ = {
			isa = XCBuildConfiguration;
			buildSettings = {
				ALWAYS_SEARCH_USER_PATHS = NO;
				CLANG_ANALYZER_LOCALIZABILITY_NONLOCALIZED = YES;
				CLANG_ANALYZER_NONNULL = YES;
				CLANG_CXX_LANGUAGE_STANDARD = "gnu++0x";
				CLANG_CXX_LIBRARY = "libc++";
				CLANG_ENABLE_MODULES = YES;
				CLANG_ENABLE_OBJC_ARC = YES;
				CLANG_WARN_BOOL_CONVERSION = YES;
				CLANG_WARN_CONSTANT_CONVERSION = YES;
				CLANG_WARN_DIRECT_OBJC_ISA_USAGE = YES_ERROR;
				CLANG_WARN_EMPTY_BODY = YES;
				CLANG_WARN_ENUM_CONVERSION = YES;
				CLANG_WARN_INFINITE_RECURSION = YES;
				CLANG_WARN_INT_CONVERSION = YES;
				CLANG_WARN_OBJC_ROOT_CLASS = YES_ERROR;
				CLANG_WARN_SUSPICIOUS_MOVE = YES;
				CLANG_WARN_UNREACHABLE_CODE = YES;
				CLANG_WARN__DUPLICATE_METHOD_MATCH = YES;
				"CODE_SIGN_IDENTITY[sdk=iphoneos*]" = "iPhone Developer";
				COPY_PHASE_STRIP = NO;
				DEBUG_INFORMATION_FORMAT = dwarf;
				ENABLE_STRICT_OBJC_MSGSEND = YES;
				ENABLE_TESTABILITY = YES;
				GCC_C_LANGUAGE_STANDARD = gnu99;
				GCC_DYNAMIC_NO_PIC = NO;
				GCC_NO_COMMON_BLOCKS = YES;
				GCC_OPTIMIZATION_LEVEL = 0;
				GCC_PREPROCESSOR_DEFINITIONS = (
					"DEBUG=1",
					"$(inherited)",
				);
				GCC_WARN_64_TO_32_BIT_CONVERSION = YES;
				GCC_WARN_ABOUT_RETURN_TYPE = YES_ERROR;
				GCC_WARN_UNDECLARED_SELECTOR = YES;
				GCC_WARN_UNINITIALIZED_AUTOS = YES_AGGRESSIVE;
				GCC_WARN_UNUSED_FUNCTION = YES;
				GCC_WARN_UNUSED_VARIABLE = YES;
				IPHONEOS_DEPLOYMENT_TARGET = 10.0;
				MTL_ENABLE_DEBUG_INFO = YES;
				ONLY_ACTIVE_ARCH = YES;
				SDKROOT = iphoneos;
				SWIFT_OPTIMIZATION_LEVEL = "-Onone";
				TARGETED_DEVICE_FAMILY = "1,2";
			};
			name = Debug;
		};
		DD7334B11D40FCBC008A9023 /* Release */ = {
			isa = XCBuildConfiguration;
			buildSettings = {
				ALWAYS_SEARCH_USER_PATHS = NO;
				CLANG_ANALYZER_LOCALIZABILITY_NONLOCALIZED = YES;
				CLANG_ANALYZER_NONNULL = YES;
				CLANG_CXX_LANGUAGE_STANDARD = "gnu++0x";
				CLANG_CXX_LIBRARY = "libc++";
				CLANG_ENABLE_MODULES = YES;
				CLANG_ENABLE_OBJC_ARC = YES;
				CLANG_WARN_BOOL_CONVERSION = YES;
				CLANG_WARN_CONSTANT_CONVERSION = YES;
				CLANG_WARN_DIRECT_OBJC_ISA_USAGE = YES_ERROR;
				CLANG_WARN_EMPTY_BODY = YES;
				CLANG_WARN_ENUM_CONVERSION = YES;
				CLANG_WARN_INFINITE_RECURSION = YES;
				CLANG_WARN_INT_CONVERSION = YES;
				CLANG_WARN_OBJC_ROOT_CLASS = YES_ERROR;
				CLANG_WARN_SUSPICIOUS_MOVE = YES;
				CLANG_WARN_UNREACHABLE_CODE = YES;
				CLANG_WARN__DUPLICATE_METHOD_MATCH = YES;
				"CODE_SIGN_IDENTITY[sdk=iphoneos*]" = "iPhone Developer";
				COPY_PHASE_STRIP = NO;
				DEBUG_INFORMATION_FORMAT = "dwarf-with-dsym";
				ENABLE_NS_ASSERTIONS = NO;
				ENABLE_STRICT_OBJC_MSGSEND = YES;
				GCC_C_LANGUAGE_STANDARD = gnu99;
				GCC_NO_COMMON_BLOCKS = YES;
				GCC_WARN_64_TO_32_BIT_CONVERSION = YES;
				GCC_WARN_ABOUT_RETURN_TYPE = YES_ERROR;
				GCC_WARN_UNDECLARED_SELECTOR = YES;
				GCC_WARN_UNINITIALIZED_AUTOS = YES_AGGRESSIVE;
				GCC_WARN_UNUSED_FUNCTION = YES;
				GCC_WARN_UNUSED_VARIABLE = YES;
				IPHONEOS_DEPLOYMENT_TARGET = 10.0;
				MTL_ENABLE_DEBUG_INFO = NO;
				SDKROOT = iphoneos;
				SWIFT_OPTIMIZATION_LEVEL = "-Owholemodule";
				TARGETED_DEVICE_FAMILY = "1,2";
				VALIDATE_PRODUCT = YES;
			};
			name = Release;
		};
		DD7334B31D40FCBC008A9023 /* Debug */ = {
			isa = XCBuildConfiguration;
			baseConfigurationReference = DC2BD4EB61462DA920CEB5BB /* Pods-ValleyProHealth.debug.xcconfig */;
			buildSettings = {
				ALWAYS_EMBED_SWIFT_STANDARD_LIBRARIES = YES;
				ASSETCATALOG_COMPILER_APPICON_NAME = AppIcon;
				CODE_SIGN_IDENTITY = "iPhone Developer";
				"CODE_SIGN_IDENTITY[sdk=iphoneos*]" = "iPhone Developer";
				DEVELOPMENT_TEAM = DBBH97JPKH;
				FRAMEWORK_SEARCH_PATHS = (
					"$(inherited)",
					"$(PROJECT_DIR)/ValleyProHealth",
				);
				INFOPLIST_FILE = ValleyProHealth/Info.plist;
				IPHONEOS_DEPLOYMENT_TARGET = 8.0;
				LD_RUNPATH_SEARCH_PATHS = "$(inherited) @executable_path/Frameworks";
				PRODUCT_BUNDLE_IDENTIFIER = org.vpchc.ValleyProHealthApp;
				PRODUCT_NAME = "$(TARGET_NAME)";
				PROVISIONING_PROFILE = "";
				SWIFT_VERSION = 3.0;
				TARGETED_DEVICE_FAMILY = "1,2";
			};
			name = Debug;
		};
		DD7334B41D40FCBC008A9023 /* Release */ = {
			isa = XCBuildConfiguration;
			baseConfigurationReference = C2E4E2647DAC45F3484FD195 /* Pods-ValleyProHealth.release.xcconfig */;
			buildSettings = {
				ALWAYS_EMBED_SWIFT_STANDARD_LIBRARIES = YES;
				ASSETCATALOG_COMPILER_APPICON_NAME = AppIcon;
				CODE_SIGN_IDENTITY = "iPhone Developer";
				"CODE_SIGN_IDENTITY[sdk=iphoneos*]" = "iPhone Developer";
				DEVELOPMENT_TEAM = DBBH97JPKH;
				FRAMEWORK_SEARCH_PATHS = (
					"$(inherited)",
					"$(PROJECT_DIR)/ValleyProHealth",
				);
				INFOPLIST_FILE = ValleyProHealth/Info.plist;
				IPHONEOS_DEPLOYMENT_TARGET = 8.0;
				LD_RUNPATH_SEARCH_PATHS = "$(inherited) @executable_path/Frameworks";
				PRODUCT_BUNDLE_IDENTIFIER = org.vpchc.ValleyProHealthApp;
				PRODUCT_NAME = "$(TARGET_NAME)";
				PROVISIONING_PROFILE = "";
				SWIFT_VERSION = 3.0;
				TARGETED_DEVICE_FAMILY = "1,2";
			};
			name = Release;
		};
		DD7334B61D40FCBC008A9023 /* Debug */ = {
			isa = XCBuildConfiguration;
			baseConfigurationReference = AF791674566E8AD3FE0F5381 /* Pods-ValleyProHealthTests.debug.xcconfig */;
			buildSettings = {
				BUNDLE_LOADER = "$(TEST_HOST)";
				INFOPLIST_FILE = ValleyProHealthTests/Info.plist;
				LD_RUNPATH_SEARCH_PATHS = "$(inherited) @executable_path/Frameworks @loader_path/Frameworks";
				PRODUCT_BUNDLE_IDENTIFIER = org.VPCHC.ValleyProHealthTests;
				PRODUCT_NAME = "$(TARGET_NAME)";
				SWIFT_VERSION = 3.0;
				TEST_HOST = "$(BUILT_PRODUCTS_DIR)/ValleyProHealth.app/ValleyProHealth";
			};
			name = Debug;
		};
		DD7334B71D40FCBC008A9023 /* Release */ = {
			isa = XCBuildConfiguration;
			baseConfigurationReference = D09FACF5A267DA4F5437038D /* Pods-ValleyProHealthTests.release.xcconfig */;
			buildSettings = {
				BUNDLE_LOADER = "$(TEST_HOST)";
				INFOPLIST_FILE = ValleyProHealthTests/Info.plist;
				LD_RUNPATH_SEARCH_PATHS = "$(inherited) @executable_path/Frameworks @loader_path/Frameworks";
				PRODUCT_BUNDLE_IDENTIFIER = org.VPCHC.ValleyProHealthTests;
				PRODUCT_NAME = "$(TARGET_NAME)";
				SWIFT_VERSION = 3.0;
				TEST_HOST = "$(BUILT_PRODUCTS_DIR)/ValleyProHealth.app/ValleyProHealth";
			};
			name = Release;
		};
		DD7334B91D40FCBC008A9023 /* Debug */ = {
			isa = XCBuildConfiguration;
			baseConfigurationReference = 0150837C686FA7E453944123 /* Pods-ValleyProHealthUITests.debug.xcconfig */;
			buildSettings = {
				INFOPLIST_FILE = ValleyProHealthUITests/Info.plist;
				LD_RUNPATH_SEARCH_PATHS = "$(inherited) @executable_path/Frameworks @loader_path/Frameworks";
				PRODUCT_BUNDLE_IDENTIFIER = org.VPCHC.ValleyProHealthUITests;
				PRODUCT_NAME = "$(TARGET_NAME)";
				SWIFT_VERSION = 3.0;
				TEST_TARGET_NAME = ValleyProHealth;
			};
			name = Debug;
		};
		DD7334BA1D40FCBC008A9023 /* Release */ = {
			isa = XCBuildConfiguration;
			baseConfigurationReference = 5422995C948A6F561DDFA809 /* Pods-ValleyProHealthUITests.release.xcconfig */;
			buildSettings = {
				INFOPLIST_FILE = ValleyProHealthUITests/Info.plist;
				LD_RUNPATH_SEARCH_PATHS = "$(inherited) @executable_path/Frameworks @loader_path/Frameworks";
				PRODUCT_BUNDLE_IDENTIFIER = org.VPCHC.ValleyProHealthUITests;
				PRODUCT_NAME = "$(TARGET_NAME)";
				SWIFT_VERSION = 3.0;
				TEST_TARGET_NAME = ValleyProHealth;
			};
			name = Release;
		};
/* End XCBuildConfiguration section */

/* Begin XCConfigurationList section */
		DD7334851D40FCBC008A9023 /* Build configuration list for PBXProject "ValleyProHealth" */ = {
			isa = XCConfigurationList;
			buildConfigurations = (
				DD7334B01D40FCBC008A9023 /* Debug */,
				DD7334B11D40FCBC008A9023 /* Release */,
			);
			defaultConfigurationIsVisible = 0;
			defaultConfigurationName = Release;
		};
		DD7334B21D40FCBC008A9023 /* Build configuration list for PBXNativeTarget "ValleyProHealth" */ = {
			isa = XCConfigurationList;
			buildConfigurations = (
				DD7334B31D40FCBC008A9023 /* Debug */,
				DD7334B41D40FCBC008A9023 /* Release */,
			);
			defaultConfigurationIsVisible = 0;
			defaultConfigurationName = Release;
		};
		DD7334B51D40FCBC008A9023 /* Build configuration list for PBXNativeTarget "ValleyProHealthTests" */ = {
			isa = XCConfigurationList;
			buildConfigurations = (
				DD7334B61D40FCBC008A9023 /* Debug */,
				DD7334B71D40FCBC008A9023 /* Release */,
			);
			defaultConfigurationIsVisible = 0;
			defaultConfigurationName = Release;
		};
		DD7334B81D40FCBC008A9023 /* Build configuration list for PBXNativeTarget "ValleyProHealthUITests" */ = {
			isa = XCConfigurationList;
			buildConfigurations = (
				DD7334B91D40FCBC008A9023 /* Debug */,
				DD7334BA1D40FCBC008A9023 /* Release */,
			);
			defaultConfigurationIsVisible = 0;
			defaultConfigurationName = Release;
		};
/* End XCConfigurationList section */
	};
	rootObject = DD7334821D40FCBC008A9023 /* Project object */;
}
